
Microsoft Visual Studio Solution File, Format Version 12.00
# Visual Studio Version 16
VisualStudioVersion = 16.0.30717.126
MinimumVisualStudioVersion = 10.0.40219.1
Project("{FAE04EC0-301F-11D3-BF4B-00C04F79EFBC}") = "WindowButtonsBase", "WindowButtonsBase\WindowButtonsBase.csproj", "{6A71C1E6-F508-449E-B54F-2215EAC166E6}"
EndProject
Global
	GlobalSection(SolutionConfigurationPlatforms) = preSolution
		Debug|Any CPU = Debug|Any CPU
		Release|Any CPU = Release|Any CPU
	EndGlobalSection
	GlobalSection(ProjectConfigurationPlatforms) = postSolution
		{6A71C1E6-F508-449E-B54F-2215EAC166E6}.Debug|Any CPU.ActiveCfg = Debug|Any CPU
		{6A71C1E6-F508-449E-B54F-2215EAC166E6}.Debug|Any CPU.Build.0 = Debug|Any CPU
		{6A71C1E6-F508-449E-B54F-2215EAC166E6}.Release|Any CPU.ActiveCfg = Release|Any CPU
		{6A71C1E6-F508-449E-B54F-2215EAC166E6}.Release|Any CPU.Build.0 = Release|Any CPU
	EndGlobalSection
	GlobalSection(SolutionProperties) = preSolution
		HideSolutionNode = FALSE
	EndGlobalSection
	GlobalSection(ExtensibilityGlobals) = postSolution
		SolutionGuid = {2CB525B0-4C6E-42E3-89AD-9DF1B4EBDA4F}
	EndGlobalSection
EndGlobal
