
Microsoft Visual Studio Solution File, Format Version 12.00
# Visual Studio Version 16
VisualStudioVersion = 16.0.30709.132
MinimumVisualStudioVersion = 10.0.40219.1
Project("{FAE04EC0-301F-11D3-BF4B-00C04F79EFBC}") = "ExeptionWork", "CorrectionExeption\ExeptionWork.csproj", "{311A88A6-9F27-4B9C-A29B-68C97070FE68}"
EndProject
Project("{FAE04EC0-301F-11D3-BF4B-00C04F79EFBC}") = "CorrectExeption1", "CorrectExeption1\CorrectExeption1.csproj", "{4E9E1D75-7170-4FE0-846C-8FE0AF3A1566}"
EndProject
Project("{FAE04EC0-301F-11D3-BF4B-00C04F79EFBC}") = "test", "test\test.csproj", "{F08EB223-1859-411B-8FAC-D65AC3B7C940}"
EndProject
Global
	GlobalSection(SolutionConfigurationPlatforms) = preSolution
		Debug|Any CPU = Debug|Any CPU
		Release|Any CPU = Release|Any CPU
	EndGlobalSection
	GlobalSection(ProjectConfigurationPlatforms) = postSolution
		{311A88A6-9F27-4B9C-A29B-68C97070FE68}.Debug|Any CPU.ActiveCfg = Debug|Any CPU
		{311A88A6-9F27-4B9C-A29B-68C97070FE68}.Debug|Any CPU.Build.0 = Debug|Any CPU
		{311A88A6-9F27-4B9C-A29B-68C97070FE68}.Release|Any CPU.ActiveCfg = Release|Any CPU
		{311A88A6-9F27-4B9C-A29B-68C97070FE68}.Release|Any CPU.Build.0 = Release|Any CPU
		{4E9E1D75-7170-4FE0-846C-8FE0AF3A1566}.Debug|Any CPU.ActiveCfg = Debug|Any CPU
		{4E9E1D75-7170-4FE0-846C-8FE0AF3A1566}.Debug|Any CPU.Build.0 = Debug|Any CPU
		{4E9E1D75-7170-4FE0-846C-8FE0AF3A1566}.Release|Any CPU.ActiveCfg = Release|Any CPU
		{4E9E1D75-7170-4FE0-846C-8FE0AF3A1566}.Release|Any CPU.Build.0 = Release|Any CPU
		{F08EB223-1859-411B-8FAC-D65AC3B7C940}.Debug|Any CPU.ActiveCfg = Debug|Any CPU
		{F08EB223-1859-411B-8FAC-D65AC3B7C940}.Debug|Any CPU.Build.0 = Debug|Any CPU
		{F08EB223-1859-411B-8FAC-D65AC3B7C940}.Release|Any CPU.ActiveCfg = Release|Any CPU
		{F08EB223-1859-411B-8FAC-D65AC3B7C940}.Release|Any CPU.Build.0 = Release|Any CPU
	EndGlobalSection
	GlobalSection(SolutionProperties) = preSolution
		HideSolutionNode = FALSE
	EndGlobalSection
	GlobalSection(ExtensibilityGlobals) = postSolution
		SolutionGuid = {57DFF3F2-3847-446E-94F1-489F22874BB3}
	EndGlobalSection
EndGlobal
