
Microsoft Visual Studio Solution File, Format Version 12.00
# Visual Studio Version 16
VisualStudioVersion = 16.0.30709.132
MinimumVisualStudioVersion = 10.0.40219.1
Project("{9A19103F-16F7-4668-BE54-9A1E7A4F7556}") = "ConsoleTagsSortApplication", "ConsoleTagsSortApplication\ConsoleTagsSortApplication.csproj", "{7B7C3A87-4CC4-4E48-9EE3-020F8398E029}"
EndProject
Project("{FAE04EC0-301F-11D3-BF4B-00C04F79EFBC}") = "TestProgggg", "TestProgggg\TestProgggg.csproj", "{6FA955CF-DB67-4E4C-9FCB-FD336A4D9D6C}"
EndProject
Global
	GlobalSection(SolutionConfigurationPlatforms) = preSolution
		Debug|Any CPU = Debug|Any CPU
		Release|Any CPU = Release|Any CPU
	EndGlobalSection
	GlobalSection(ProjectConfigurationPlatforms) = postSolution
		{7B7C3A87-4CC4-4E48-9EE3-020F8398E029}.Debug|Any CPU.ActiveCfg = Debug|Any CPU
		{7B7C3A87-4CC4-4E48-9EE3-020F8398E029}.Debug|Any CPU.Build.0 = Debug|Any CPU
		{7B7C3A87-4CC4-4E48-9EE3-020F8398E029}.Release|Any CPU.ActiveCfg = Release|Any CPU
		{7B7C3A87-4CC4-4E48-9EE3-020F8398E029}.Release|Any CPU.Build.0 = Release|Any CPU
		{6FA955CF-DB67-4E4C-9FCB-FD336A4D9D6C}.Debug|Any CPU.ActiveCfg = Debug|Any CPU
		{6FA955CF-DB67-4E4C-9FCB-FD336A4D9D6C}.Debug|Any CPU.Build.0 = Debug|Any CPU
		{6FA955CF-DB67-4E4C-9FCB-FD336A4D9D6C}.Release|Any CPU.ActiveCfg = Release|Any CPU
		{6FA955CF-DB67-4E4C-9FCB-FD336A4D9D6C}.Release|Any CPU.Build.0 = Release|Any CPU
	EndGlobalSection
	GlobalSection(SolutionProperties) = preSolution
		HideSolutionNode = FALSE
	EndGlobalSection
	GlobalSection(ExtensibilityGlobals) = postSolution
		SolutionGuid = {17C4BF4C-CB4B-4CB6-B01B-2CC2D8C3EE77}
	EndGlobalSection
EndGlobal
