
Microsoft Visual Studio Solution File, Format Version 12.00
# Visual Studio Version 16
VisualStudioVersion = 16.0.30717.126
MinimumVisualStudioVersion = 10.0.40219.1
Project("{FAE04EC0-301F-11D3-BF4B-00C04F79EFBC}") = "WindowTextControls", "WindowTextControls\WindowTextControls.csproj", "{EDEE2405-4796-4AEC-8D6F-7DA310A559FA}"
EndProject
Global
	GlobalSection(SolutionConfigurationPlatforms) = preSolution
		Debug|Any CPU = Debug|Any CPU
		Release|Any CPU = Release|Any CPU
	EndGlobalSection
	GlobalSection(ProjectConfigurationPlatforms) = postSolution
		{EDEE2405-4796-4AEC-8D6F-7DA310A559FA}.Debug|Any CPU.ActiveCfg = Debug|Any CPU
		{EDEE2405-4796-4AEC-8D6F-7DA310A559FA}.Debug|Any CPU.Build.0 = Debug|Any CPU
		{EDEE2405-4796-4AEC-8D6F-7DA310A559FA}.Release|Any CPU.ActiveCfg = Release|Any CPU
		{EDEE2405-4796-4AEC-8D6F-7DA310A559FA}.Release|Any CPU.Build.0 = Release|Any CPU
	EndGlobalSection
	GlobalSection(SolutionProperties) = preSolution
		HideSolutionNode = FALSE
	EndGlobalSection
	GlobalSection(ExtensibilityGlobals) = postSolution
		SolutionGuid = {B8DB8D13-45EB-4242-BB0B-FA90D21C09D9}
	EndGlobalSection
EndGlobal
