
Microsoft Visual Studio Solution File, Format Version 12.00
# Visual Studio Version 16
VisualStudioVersion = 16.0.30717.126
MinimumVisualStudioVersion = 10.0.40219.1
Project("{FAE04EC0-301F-11D3-BF4B-00C04F79EFBC}") = "WindowWPFLogin", "WindowWPFLogin\WindowWPFLogin.csproj", "{7E41D954-BB15-444F-804D-737D5BED0E0B}"
EndProject
Global
	GlobalSection(SolutionConfigurationPlatforms) = preSolution
		Debug|Any CPU = Debug|Any CPU
		Release|Any CPU = Release|Any CPU
	EndGlobalSection
	GlobalSection(ProjectConfigurationPlatforms) = postSolution
		{7E41D954-BB15-444F-804D-737D5BED0E0B}.Debug|Any CPU.ActiveCfg = Debug|Any CPU
		{7E41D954-BB15-444F-804D-737D5BED0E0B}.Debug|Any CPU.Build.0 = Debug|Any CPU
		{7E41D954-BB15-444F-804D-737D5BED0E0B}.Release|Any CPU.ActiveCfg = Release|Any CPU
		{7E41D954-BB15-444F-804D-737D5BED0E0B}.Release|Any CPU.Build.0 = Release|Any CPU
	EndGlobalSection
	GlobalSection(SolutionProperties) = preSolution
		HideSolutionNode = FALSE
	EndGlobalSection
	GlobalSection(ExtensibilityGlobals) = postSolution
		SolutionGuid = {6F508D59-248B-45FB-B8EF-9E1C09A0DB1E}
	EndGlobalSection
EndGlobal
