
Microsoft Visual Studio Solution File, Format Version 12.00
# Visual Studio Version 16
VisualStudioVersion = 16.0.30717.126
MinimumVisualStudioVersion = 10.0.40219.1
Project("{FAE04EC0-301F-11D3-BF4B-00C04F79EFBC}") = "FireCloud", "FireCloud\FireCloud.csproj", "{6D2144AB-3ABB-4398-83E2-D396481695ED}"
EndProject
Global
	GlobalSection(SolutionConfigurationPlatforms) = preSolution
		Debug|Any CPU = Debug|Any CPU
		Release|Any CPU = Release|Any CPU
	EndGlobalSection
	GlobalSection(ProjectConfigurationPlatforms) = postSolution
		{6D2144AB-3ABB-4398-83E2-D396481695ED}.Debug|Any CPU.ActiveCfg = Debug|Any CPU
		{6D2144AB-3ABB-4398-83E2-D396481695ED}.Debug|Any CPU.Build.0 = Debug|Any CPU
		{6D2144AB-3ABB-4398-83E2-D396481695ED}.Release|Any CPU.ActiveCfg = Release|Any CPU
		{6D2144AB-3ABB-4398-83E2-D396481695ED}.Release|Any CPU.Build.0 = Release|Any CPU
	EndGlobalSection
	GlobalSection(SolutionProperties) = preSolution
		HideSolutionNode = FALSE
	EndGlobalSection
	GlobalSection(ExtensibilityGlobals) = postSolution
		SolutionGuid = {123180CA-CD6E-4A40-B62A-58D8D88FC3E6}
	EndGlobalSection
EndGlobal
