
Microsoft Visual Studio Solution File, Format Version 12.00
# Visual Studio 15
VisualStudioVersion = 15.0.28307.1209
MinimumVisualStudioVersion = 10.0.40219.1
Project("{FAE04EC0-301F-11D3-BF4B-00C04F79EFBC}") = "ListOfWork", "ListOfWork\ListOfWork.csproj", "{15371FBC-C0C3-46CC-990A-143BF53FB9C8}"
EndProject
Global
	GlobalSection(SolutionConfigurationPlatforms) = preSolution
		Debug|Any CPU = Debug|Any CPU
		Release|Any CPU = Release|Any CPU
	EndGlobalSection
	GlobalSection(ProjectConfigurationPlatforms) = postSolution
		{15371FBC-C0C3-46CC-990A-143BF53FB9C8}.Debug|Any CPU.ActiveCfg = Debug|Any CPU
		{15371FBC-C0C3-46CC-990A-143BF53FB9C8}.Debug|Any CPU.Build.0 = Debug|Any CPU
		{15371FBC-C0C3-46CC-990A-143BF53FB9C8}.Release|Any CPU.ActiveCfg = Release|Any CPU
		{15371FBC-C0C3-46CC-990A-143BF53FB9C8}.Release|Any CPU.Build.0 = Release|Any CPU
	EndGlobalSection
	GlobalSection(SolutionProperties) = preSolution
		HideSolutionNode = FALSE
	EndGlobalSection
	GlobalSection(ExtensibilityGlobals) = postSolution
		SolutionGuid = {6039F70C-3F9C-46C0-92FE-D690944FCC25}
	EndGlobalSection
EndGlobal
