
Microsoft Visual Studio Solution File, Format Version 12.00
# Visual Studio Version 16
VisualStudioVersion = 16.0.30717.126
MinimumVisualStudioVersion = 10.0.40219.1
Project("{FAE04EC0-301F-11D3-BF4B-00C04F79EFBC}") = "BubbleSort", "BubbleSort\BubbleSort.csproj", "{0DBCE3AD-FD84-4842-8C7B-8DCB0CBBAD51}"
EndProject
Project("{FAE04EC0-301F-11D3-BF4B-00C04F79EFBC}") = "BubbleSortWF", "BubbleSortWF\BubbleSortWF.csproj", "{151B9601-A751-4E30-BC01-84213AEBF0D6}"
EndProject
Project("{FAE04EC0-301F-11D3-BF4B-00C04F79EFBC}") = "BubbleSortTests", "BubbleSortTests\BubbleSortTests.csproj", "{D0796CEE-8726-4117-823E-1ECC00F8BF7B}"
EndProject
Global
	GlobalSection(SolutionConfigurationPlatforms) = preSolution
		Debug|Any CPU = Debug|Any CPU
		Release|Any CPU = Release|Any CPU
	EndGlobalSection
	GlobalSection(ProjectConfigurationPlatforms) = postSolution
		{0DBCE3AD-FD84-4842-8C7B-8DCB0CBBAD51}.Debug|Any CPU.ActiveCfg = Debug|Any CPU
		{0DBCE3AD-FD84-4842-8C7B-8DCB0CBBAD51}.Debug|Any CPU.Build.0 = Debug|Any CPU
		{0DBCE3AD-FD84-4842-8C7B-8DCB0CBBAD51}.Release|Any CPU.ActiveCfg = Release|Any CPU
		{0DBCE3AD-FD84-4842-8C7B-8DCB0CBBAD51}.Release|Any CPU.Build.0 = Release|Any CPU
		{151B9601-A751-4E30-BC01-84213AEBF0D6}.Debug|Any CPU.ActiveCfg = Debug|Any CPU
		{151B9601-A751-4E30-BC01-84213AEBF0D6}.Debug|Any CPU.Build.0 = Debug|Any CPU
		{151B9601-A751-4E30-BC01-84213AEBF0D6}.Release|Any CPU.ActiveCfg = Release|Any CPU
		{151B9601-A751-4E30-BC01-84213AEBF0D6}.Release|Any CPU.Build.0 = Release|Any CPU
		{D0796CEE-8726-4117-823E-1ECC00F8BF7B}.Debug|Any CPU.ActiveCfg = Debug|Any CPU
		{D0796CEE-8726-4117-823E-1ECC00F8BF7B}.Debug|Any CPU.Build.0 = Debug|Any CPU
		{D0796CEE-8726-4117-823E-1ECC00F8BF7B}.Release|Any CPU.ActiveCfg = Release|Any CPU
		{D0796CEE-8726-4117-823E-1ECC00F8BF7B}.Release|Any CPU.Build.0 = Release|Any CPU
	EndGlobalSection
	GlobalSection(SolutionProperties) = preSolution
		HideSolutionNode = FALSE
	EndGlobalSection
	GlobalSection(ExtensibilityGlobals) = postSolution
		SolutionGuid = {B7EA125B-5FB3-4F6F-B701-2EC78962E7CD}
	EndGlobalSection
EndGlobal
