
Microsoft Visual Studio Solution File, Format Version 12.00
# Visual Studio 15
VisualStudioVersion = 15.0.28307.1209
MinimumVisualStudioVersion = 10.0.40219.1
Project("{FAE04EC0-301F-11D3-BF4B-00C04F79EFBC}") = "hw1", "ConsoleApp1\hw1.csproj", "{FDFCCCF6-A8A2-4ED1-A960-2F314AB42F7F}"
EndProject
Project("{FAE04EC0-301F-11D3-BF4B-00C04F79EFBC}") = "hw2", "TestNew\hw2.csproj", "{4C947B8F-4CD7-41AE-9770-C524754A24D3}"
EndProject
Project("{FAE04EC0-301F-11D3-BF4B-00C04F79EFBC}") = "hw3", "hw3\hw3.csproj", "{2B683A84-E603-4DF5-A867-C9A95510148C}"
EndProject
Project("{FAE04EC0-301F-11D3-BF4B-00C04F79EFBC}") = "hw4", "hw4\hw4.csproj", "{349AD8D9-7B76-4B2A-B29E-0BC25BA1047D}"
EndProject
Global
	GlobalSection(SolutionConfigurationPlatforms) = preSolution
		Debug|Any CPU = Debug|Any CPU
		Release|Any CPU = Release|Any CPU
	EndGlobalSection
	GlobalSection(ProjectConfigurationPlatforms) = postSolution
		{FDFCCCF6-A8A2-4ED1-A960-2F314AB42F7F}.Debug|Any CPU.ActiveCfg = Debug|Any CPU
		{FDFCCCF6-A8A2-4ED1-A960-2F314AB42F7F}.Debug|Any CPU.Build.0 = Debug|Any CPU
		{FDFCCCF6-A8A2-4ED1-A960-2F314AB42F7F}.Release|Any CPU.ActiveCfg = Release|Any CPU
		{FDFCCCF6-A8A2-4ED1-A960-2F314AB42F7F}.Release|Any CPU.Build.0 = Release|Any CPU
		{4C947B8F-4CD7-41AE-9770-C524754A24D3}.Debug|Any CPU.ActiveCfg = Debug|Any CPU
		{4C947B8F-4CD7-41AE-9770-C524754A24D3}.Debug|Any CPU.Build.0 = Debug|Any CPU
		{4C947B8F-4CD7-41AE-9770-C524754A24D3}.Release|Any CPU.ActiveCfg = Release|Any CPU
		{4C947B8F-4CD7-41AE-9770-C524754A24D3}.Release|Any CPU.Build.0 = Release|Any CPU
		{2B683A84-E603-4DF5-A867-C9A95510148C}.Debug|Any CPU.ActiveCfg = Debug|Any CPU
		{2B683A84-E603-4DF5-A867-C9A95510148C}.Debug|Any CPU.Build.0 = Debug|Any CPU
		{2B683A84-E603-4DF5-A867-C9A95510148C}.Release|Any CPU.ActiveCfg = Release|Any CPU
		{2B683A84-E603-4DF5-A867-C9A95510148C}.Release|Any CPU.Build.0 = Release|Any CPU
		{349AD8D9-7B76-4B2A-B29E-0BC25BA1047D}.Debug|Any CPU.ActiveCfg = Debug|Any CPU
		{349AD8D9-7B76-4B2A-B29E-0BC25BA1047D}.Debug|Any CPU.Build.0 = Debug|Any CPU
		{349AD8D9-7B76-4B2A-B29E-0BC25BA1047D}.Release|Any CPU.ActiveCfg = Release|Any CPU
		{349AD8D9-7B76-4B2A-B29E-0BC25BA1047D}.Release|Any CPU.Build.0 = Release|Any CPU
	EndGlobalSection
	GlobalSection(SolutionProperties) = preSolution
		HideSolutionNode = FALSE
	EndGlobalSection
	GlobalSection(ExtensibilityGlobals) = postSolution
		SolutionGuid = {58A970C0-54D8-43F3-8A37-0A6CCA67B352}
	EndGlobalSection
EndGlobal
