
Microsoft Visual Studio Solution File, Format Version 12.00
# Visual Studio 15
VisualStudioVersion = 15.0.28307.1209
MinimumVisualStudioVersion = 10.0.40219.1
Project("{FAE04EC0-301F-11D3-BF4B-00C04F79EFBC}") = "WindowsFormsApp1", "WindowsFormsApp1\WindowsFormsApp1.csproj", "{723A09AD-8F18-43C9-AC42-B408B217964B}"
EndProject
Global
	GlobalSection(SolutionConfigurationPlatforms) = preSolution
		Debug|Any CPU = Debug|Any CPU
		Release|Any CPU = Release|Any CPU
	EndGlobalSection
	GlobalSection(ProjectConfigurationPlatforms) = postSolution
		{723A09AD-8F18-43C9-AC42-B408B217964B}.Debug|Any CPU.ActiveCfg = Debug|Any CPU
		{723A09AD-8F18-43C9-AC42-B408B217964B}.Debug|Any CPU.Build.0 = Debug|Any CPU
		{723A09AD-8F18-43C9-AC42-B408B217964B}.Release|Any CPU.ActiveCfg = Release|Any CPU
		{723A09AD-8F18-43C9-AC42-B408B217964B}.Release|Any CPU.Build.0 = Release|Any CPU
	EndGlobalSection
	GlobalSection(SolutionProperties) = preSolution
		HideSolutionNode = FALSE
	EndGlobalSection
	GlobalSection(ExtensibilityGlobals) = postSolution
		SolutionGuid = {915677CD-04E1-49B2-985F-28DE139CD2A5}
	EndGlobalSection
EndGlobal
