
Microsoft Visual Studio Solution File, Format Version 12.00
# Visual Studio Version 16
VisualStudioVersion = 16.0.30907.101
MinimumVisualStudioVersion = 10.0.40219.1
Project("{9A19103F-16F7-4668-BE54-9A1E7A4F7556}") = "LinqLesson", "LinqLesson\LinqLesson.csproj", "{D4CA4B94-390C-4451-814A-1C51D1A69733}"
EndProject
Project("{FAE04EC0-301F-11D3-BF4B-00C04F79EFBC}") = "RepeatSkills", "RepeatSkills\RepeatSkills.csproj", "{CF5E2BB6-8E65-4977-A170-F959E82C63BC}"
EndProject
Global
	GlobalSection(SolutionConfigurationPlatforms) = preSolution
		Debug|Any CPU = Debug|Any CPU
		Release|Any CPU = Release|Any CPU
	EndGlobalSection
	GlobalSection(ProjectConfigurationPlatforms) = postSolution
		{D4CA4B94-390C-4451-814A-1C51D1A69733}.Debug|Any CPU.ActiveCfg = Debug|Any CPU
		{D4CA4B94-390C-4451-814A-1C51D1A69733}.Debug|Any CPU.Build.0 = Debug|Any CPU
		{D4CA4B94-390C-4451-814A-1C51D1A69733}.Release|Any CPU.ActiveCfg = Release|Any CPU
		{D4CA4B94-390C-4451-814A-1C51D1A69733}.Release|Any CPU.Build.0 = Release|Any CPU
		{CF5E2BB6-8E65-4977-A170-F959E82C63BC}.Debug|Any CPU.ActiveCfg = Debug|Any CPU
		{CF5E2BB6-8E65-4977-A170-F959E82C63BC}.Debug|Any CPU.Build.0 = Debug|Any CPU
		{CF5E2BB6-8E65-4977-A170-F959E82C63BC}.Release|Any CPU.ActiveCfg = Release|Any CPU
		{CF5E2BB6-8E65-4977-A170-F959E82C63BC}.Release|Any CPU.Build.0 = Release|Any CPU
	EndGlobalSection
	GlobalSection(SolutionProperties) = preSolution
		HideSolutionNode = FALSE
	EndGlobalSection
	GlobalSection(ExtensibilityGlobals) = postSolution
		SolutionGuid = {15A8A486-9BD4-4DDB-9A2C-D657E071258F}
	EndGlobalSection
EndGlobal
