
Microsoft Visual Studio Solution File, Format Version 12.00
# Visual Studio Version 16
VisualStudioVersion = 16.0.30709.132
MinimumVisualStudioVersion = 10.0.40219.1
Project("{FAE04EC0-301F-11D3-BF4B-00C04F79EFBC}") = "CreatePosts", "CreatePosts\CreatePosts.csproj", "{8CB20CCC-0997-4FC5-9C6B-BFE5E2E4FD24}"
EndProject
Global
	GlobalSection(SolutionConfigurationPlatforms) = preSolution
		Debug|Any CPU = Debug|Any CPU
		Release|Any CPU = Release|Any CPU
	EndGlobalSection
	GlobalSection(ProjectConfigurationPlatforms) = postSolution
		{8CB20CCC-0997-4FC5-9C6B-BFE5E2E4FD24}.Debug|Any CPU.ActiveCfg = Debug|Any CPU
		{8CB20CCC-0997-4FC5-9C6B-BFE5E2E4FD24}.Debug|Any CPU.Build.0 = Debug|Any CPU
		{8CB20CCC-0997-4FC5-9C6B-BFE5E2E4FD24}.Release|Any CPU.ActiveCfg = Release|Any CPU
		{8CB20CCC-0997-4FC5-9C6B-BFE5E2E4FD24}.Release|Any CPU.Build.0 = Release|Any CPU
	EndGlobalSection
	GlobalSection(SolutionProperties) = preSolution
		HideSolutionNode = FALSE
	EndGlobalSection
	GlobalSection(ExtensibilityGlobals) = postSolution
		SolutionGuid = {21A08253-4361-4A8F-B386-BF0BBEB131EE}
	EndGlobalSection
EndGlobal
