
Microsoft Visual Studio Solution File, Format Version 12.00
# Visual Studio Version 16
VisualStudioVersion = 16.0.30621.155
MinimumVisualStudioVersion = 10.0.40219.1
Project("{FAE04EC0-301F-11D3-BF4B-00C04F79EFBC}") = "NewsBlog", "NewsBlog\NewsBlog.csproj", "{E188B663-C196-4022-B4E2-3C819DDC3BF7}"
EndProject
Global
	GlobalSection(SolutionConfigurationPlatforms) = preSolution
		Debug|Any CPU = Debug|Any CPU
		Release|Any CPU = Release|Any CPU
	EndGlobalSection
	GlobalSection(ProjectConfigurationPlatforms) = postSolution
		{E188B663-C196-4022-B4E2-3C819DDC3BF7}.Debug|Any CPU.ActiveCfg = Debug|Any CPU
		{E188B663-C196-4022-B4E2-3C819DDC3BF7}.Debug|Any CPU.Build.0 = Debug|Any CPU
		{E188B663-C196-4022-B4E2-3C819DDC3BF7}.Release|Any CPU.ActiveCfg = Release|Any CPU
		{E188B663-C196-4022-B4E2-3C819DDC3BF7}.Release|Any CPU.Build.0 = Release|Any CPU
	EndGlobalSection
	GlobalSection(SolutionProperties) = preSolution
		HideSolutionNode = FALSE
	EndGlobalSection
	GlobalSection(ExtensibilityGlobals) = postSolution
		SolutionGuid = {3A50BD74-0682-4D49-8BAB-999BF56971DF}
	EndGlobalSection
EndGlobal
