
Microsoft Visual Studio Solution File, Format Version 12.00
# Visual Studio Version 16
VisualStudioVersion = 16.0.30717.126
MinimumVisualStudioVersion = 10.0.40219.1
Project("{FAE04EC0-301F-11D3-BF4B-00C04F79EFBC}") = "testAuth", "testAuth\testAuth.csproj", "{5401B7CB-34CA-4807-ADE3-CB79A9E9985A}"
EndProject
Global
	GlobalSection(SolutionConfigurationPlatforms) = preSolution
		Debug|Any CPU = Debug|Any CPU
		Release|Any CPU = Release|Any CPU
	EndGlobalSection
	GlobalSection(ProjectConfigurationPlatforms) = postSolution
		{5401B7CB-34CA-4807-ADE3-CB79A9E9985A}.Debug|Any CPU.ActiveCfg = Debug|Any CPU
		{5401B7CB-34CA-4807-ADE3-CB79A9E9985A}.Debug|Any CPU.Build.0 = Debug|Any CPU
		{5401B7CB-34CA-4807-ADE3-CB79A9E9985A}.Release|Any CPU.ActiveCfg = Release|Any CPU
		{5401B7CB-34CA-4807-ADE3-CB79A9E9985A}.Release|Any CPU.Build.0 = Release|Any CPU
	EndGlobalSection
	GlobalSection(SolutionProperties) = preSolution
		HideSolutionNode = FALSE
	EndGlobalSection
	GlobalSection(ExtensibilityGlobals) = postSolution
		SolutionGuid = {9561D997-A028-488A-AD63-98DA179BDCB5}
	EndGlobalSection
EndGlobal
