
Microsoft Visual Studio Solution File, Format Version 12.00
# Visual Studio Version 16
VisualStudioVersion = 16.0.30717.126
MinimumVisualStudioVersion = 10.0.40219.1
Project("{FAE04EC0-301F-11D3-BF4B-00C04F79EFBC}") = "WindowScrollViewer", "WindowScrollViewer\WindowScrollViewer.csproj", "{13D7EEC9-0139-416A-91B0-267EBBA4CB3B}"
EndProject
Global
	GlobalSection(SolutionConfigurationPlatforms) = preSolution
		Debug|Any CPU = Debug|Any CPU
		Release|Any CPU = Release|Any CPU
	EndGlobalSection
	GlobalSection(ProjectConfigurationPlatforms) = postSolution
		{13D7EEC9-0139-416A-91B0-267EBBA4CB3B}.Debug|Any CPU.ActiveCfg = Debug|Any CPU
		{13D7EEC9-0139-416A-91B0-267EBBA4CB3B}.Debug|Any CPU.Build.0 = Debug|Any CPU
		{13D7EEC9-0139-416A-91B0-267EBBA4CB3B}.Release|Any CPU.ActiveCfg = Release|Any CPU
		{13D7EEC9-0139-416A-91B0-267EBBA4CB3B}.Release|Any CPU.Build.0 = Release|Any CPU
	EndGlobalSection
	GlobalSection(SolutionProperties) = preSolution
		HideSolutionNode = FALSE
	EndGlobalSection
	GlobalSection(ExtensibilityGlobals) = postSolution
		SolutionGuid = {13A07446-9BC1-49A3-87DA-DD4E59C8FE7E}
	EndGlobalSection
EndGlobal
