
Microsoft Visual Studio Solution File, Format Version 12.00
# Visual Studio Version 17
VisualStudioVersion = 17.1.32414.318
MinimumVisualStudioVersion = 10.0.40219.1
Project("{9A19103F-16F7-4668-BE54-9A1E7A4F7556}") = "FilesSender.SSH", "FilesSender.SSH\FilesSender.SSH.csproj", "{202DD0CB-E21D-4E51-A32F-6DEE6AC6F4F9}"
EndProject
Project("{9A19103F-16F7-4668-BE54-9A1E7A4F7556}") = "ServiceArchitecture.Console", "..\ServiceArchitecture\ServiceArchitecture.Console.csproj", "{3ABF9E53-356F-4F32-9B02-FA2DDAEE272F}"
EndProject
Project("{9A19103F-16F7-4668-BE54-9A1E7A4F7556}") = "ServiceArchitecture.Core", "ServiceArchitecture.Core\ServiceArchitecture.Core.csproj", "{B55260AA-DF1F-457A-B857-1CAF894F803B}"
EndProject
Project("{FAE04EC0-301F-11D3-BF4B-00C04F79EFBC}") = "PrivateServices.Console", "PrivateServices.Console\PrivateServices.Console.csproj", "{4FFB05E6-317F-4DE8-9466-E47565E23DA2}"
EndProject
Global
	GlobalSection(SolutionConfigurationPlatforms) = preSolution
		Debug|Any CPU = Debug|Any CPU
		Release|Any CPU = Release|Any CPU
	EndGlobalSection
	GlobalSection(ProjectConfigurationPlatforms) = postSolution
		{202DD0CB-E21D-4E51-A32F-6DEE6AC6F4F9}.Debug|Any CPU.ActiveCfg = Debug|Any CPU
		{202DD0CB-E21D-4E51-A32F-6DEE6AC6F4F9}.Debug|Any CPU.Build.0 = Debug|Any CPU
		{202DD0CB-E21D-4E51-A32F-6DEE6AC6F4F9}.Release|Any CPU.ActiveCfg = Release|Any CPU
		{202DD0CB-E21D-4E51-A32F-6DEE6AC6F4F9}.Release|Any CPU.Build.0 = Release|Any CPU
		{3ABF9E53-356F-4F32-9B02-FA2DDAEE272F}.Debug|Any CPU.ActiveCfg = Debug|Any CPU
		{3ABF9E53-356F-4F32-9B02-FA2DDAEE272F}.Debug|Any CPU.Build.0 = Debug|Any CPU
		{3ABF9E53-356F-4F32-9B02-FA2DDAEE272F}.Release|Any CPU.ActiveCfg = Release|Any CPU
		{3ABF9E53-356F-4F32-9B02-FA2DDAEE272F}.Release|Any CPU.Build.0 = Release|Any CPU
		{B55260AA-DF1F-457A-B857-1CAF894F803B}.Debug|Any CPU.ActiveCfg = Debug|Any CPU
		{B55260AA-DF1F-457A-B857-1CAF894F803B}.Debug|Any CPU.Build.0 = Debug|Any CPU
		{B55260AA-DF1F-457A-B857-1CAF894F803B}.Release|Any CPU.ActiveCfg = Release|Any CPU
		{B55260AA-DF1F-457A-B857-1CAF894F803B}.Release|Any CPU.Build.0 = Release|Any CPU
		{4FFB05E6-317F-4DE8-9466-E47565E23DA2}.Debug|Any CPU.ActiveCfg = Debug|Any CPU
		{4FFB05E6-317F-4DE8-9466-E47565E23DA2}.Debug|Any CPU.Build.0 = Debug|Any CPU
		{4FFB05E6-317F-4DE8-9466-E47565E23DA2}.Release|Any CPU.ActiveCfg = Release|Any CPU
		{4FFB05E6-317F-4DE8-9466-E47565E23DA2}.Release|Any CPU.Build.0 = Release|Any CPU
	EndGlobalSection
	GlobalSection(SolutionProperties) = preSolution
		HideSolutionNode = FALSE
	EndGlobalSection
	GlobalSection(ExtensibilityGlobals) = postSolution
		SolutionGuid = {1EF3FDAB-FDEE-4713-A4B1-74E64639EA6F}
	EndGlobalSection
EndGlobal
