
Microsoft Visual Studio Solution File, Format Version 12.00
# Visual Studio 15
VisualStudioVersion = 15.0.28307.1209
MinimumVisualStudioVersion = 10.0.40219.1
Project("{FAE04EC0-301F-11D3-BF4B-00C04F79EFBC}") = "Lesson 2", "Lesson 2\Lesson 2.csproj", "{4CBF6105-0CD7-4BEF-9A24-A16DF860F049}"
EndProject
Global
	GlobalSection(SolutionConfigurationPlatforms) = preSolution
		Debug|Any CPU = Debug|Any CPU
		Release|Any CPU = Release|Any CPU
	EndGlobalSection
	GlobalSection(ProjectConfigurationPlatforms) = postSolution
		{4CBF6105-0CD7-4BEF-9A24-A16DF860F049}.Debug|Any CPU.ActiveCfg = Debug|Any CPU
		{4CBF6105-0CD7-4BEF-9A24-A16DF860F049}.Debug|Any CPU.Build.0 = Debug|Any CPU
		{4CBF6105-0CD7-4BEF-9A24-A16DF860F049}.Release|Any CPU.ActiveCfg = Release|Any CPU
		{4CBF6105-0CD7-4BEF-9A24-A16DF860F049}.Release|Any CPU.Build.0 = Release|Any CPU
	EndGlobalSection
	GlobalSection(SolutionProperties) = preSolution
		HideSolutionNode = FALSE
	EndGlobalSection
	GlobalSection(ExtensibilityGlobals) = postSolution
		SolutionGuid = {E27C9C45-9EF0-45AD-80A5-F61CACD0E699}
	EndGlobalSection
EndGlobal
