
Microsoft Visual Studio Solution File, Format Version 12.00
# Visual Studio Version 16
VisualStudioVersion = 16.0.30717.126
MinimumVisualStudioVersion = 10.0.40219.1
Project("{9A19103F-16F7-4668-BE54-9A1E7A4F7556}") = "ClientTCP", "ClientTCP\ClientTCP.csproj", "{6167F706-90C5-467C-A8BF-7D1F7B4AA7B2}"
EndProject
Project("{9A19103F-16F7-4668-BE54-9A1E7A4F7556}") = "ServerTCP1", "ServerTCP1\ServerTCP1.csproj", "{0C0BAEEC-B97A-49B6-A8DA-16716F25BAC5}"
EndProject
Global
	GlobalSection(SolutionConfigurationPlatforms) = preSolution
		Debug|Any CPU = Debug|Any CPU
		Release|Any CPU = Release|Any CPU
	EndGlobalSection
	GlobalSection(ProjectConfigurationPlatforms) = postSolution
		{6167F706-90C5-467C-A8BF-7D1F7B4AA7B2}.Debug|Any CPU.ActiveCfg = Debug|Any CPU
		{6167F706-90C5-467C-A8BF-7D1F7B4AA7B2}.Debug|Any CPU.Build.0 = Debug|Any CPU
		{6167F706-90C5-467C-A8BF-7D1F7B4AA7B2}.Release|Any CPU.ActiveCfg = Release|Any CPU
		{6167F706-90C5-467C-A8BF-7D1F7B4AA7B2}.Release|Any CPU.Build.0 = Release|Any CPU
		{0C0BAEEC-B97A-49B6-A8DA-16716F25BAC5}.Debug|Any CPU.ActiveCfg = Debug|Any CPU
		{0C0BAEEC-B97A-49B6-A8DA-16716F25BAC5}.Debug|Any CPU.Build.0 = Debug|Any CPU
		{0C0BAEEC-B97A-49B6-A8DA-16716F25BAC5}.Release|Any CPU.ActiveCfg = Release|Any CPU
		{0C0BAEEC-B97A-49B6-A8DA-16716F25BAC5}.Release|Any CPU.Build.0 = Release|Any CPU
	EndGlobalSection
	GlobalSection(SolutionProperties) = preSolution
		HideSolutionNode = FALSE
	EndGlobalSection
	GlobalSection(ExtensibilityGlobals) = postSolution
		SolutionGuid = {72652A12-BD9B-4155-92FC-415E9F9A52BD}
	EndGlobalSection
EndGlobal
