
Microsoft Visual Studio Solution File, Format Version 12.00
# Visual Studio 15
VisualStudioVersion = 15.0.28307.1209
MinimumVisualStudioVersion = 10.0.40219.1
Project("{FAE04EC0-301F-11D3-BF4B-00C04F79EFBC}") = "OperatorsConditions", "OperatorsConditions\OperatorsConditions.csproj", "{985FEF2F-E85D-4701-8CB1-C5F47A3D5452}"
EndProject
Project("{FAE04EC0-301F-11D3-BF4B-00C04F79EFBC}") = "Hm", "Hm\Hm.csproj", "{4BB96949-1831-46D6-8EAC-0180151A04FE}"
EndProject
Global
	GlobalSection(SolutionConfigurationPlatforms) = preSolution
		Debug|Any CPU = Debug|Any CPU
		Release|Any CPU = Release|Any CPU
	EndGlobalSection
	GlobalSection(ProjectConfigurationPlatforms) = postSolution
		{985FEF2F-E85D-4701-8CB1-C5F47A3D5452}.Debug|Any CPU.ActiveCfg = Debug|Any CPU
		{985FEF2F-E85D-4701-8CB1-C5F47A3D5452}.Debug|Any CPU.Build.0 = Debug|Any CPU
		{985FEF2F-E85D-4701-8CB1-C5F47A3D5452}.Release|Any CPU.ActiveCfg = Release|Any CPU
		{985FEF2F-E85D-4701-8CB1-C5F47A3D5452}.Release|Any CPU.Build.0 = Release|Any CPU
		{4BB96949-1831-46D6-8EAC-0180151A04FE}.Debug|Any CPU.ActiveCfg = Debug|Any CPU
		{4BB96949-1831-46D6-8EAC-0180151A04FE}.Debug|Any CPU.Build.0 = Debug|Any CPU
		{4BB96949-1831-46D6-8EAC-0180151A04FE}.Release|Any CPU.ActiveCfg = Release|Any CPU
		{4BB96949-1831-46D6-8EAC-0180151A04FE}.Release|Any CPU.Build.0 = Release|Any CPU
	EndGlobalSection
	GlobalSection(SolutionProperties) = preSolution
		HideSolutionNode = FALSE
	EndGlobalSection
	GlobalSection(ExtensibilityGlobals) = postSolution
		SolutionGuid = {EB5F3F91-3CCE-414A-96FB-45602BE232AD}
	EndGlobalSection
EndGlobal
