
Microsoft Visual Studio Solution File, Format Version 12.00
# Visual Studio Version 16
VisualStudioVersion = 16.0.30907.101
MinimumVisualStudioVersion = 10.0.40219.1
Project("{9A19103F-16F7-4668-BE54-9A1E7A4F7556}") = "Memento", "Patterns\Memento.csproj", "{AEC63D5F-C91B-473D-A07B-ED051478B2D0}"
EndProject
Project("{9A19103F-16F7-4668-BE54-9A1E7A4F7556}") = "Strategy", "Strategy\Strategy.csproj", "{5EE1DD28-1446-439B-B768-6D547A725130}"
EndProject
Project("{9A19103F-16F7-4668-BE54-9A1E7A4F7556}") = "AbstractFactory", "AbstractFactory\AbstractFactory.csproj", "{A181A79B-7844-4077-A0D2-95FF12D1ADFD}"
EndProject
Project("{9A19103F-16F7-4668-BE54-9A1E7A4F7556}") = "Builder", "Builder\Builder.csproj", "{E38F0CE3-2F9D-4E88-A642-B01102C8EAB3}"
EndProject
Project("{FAE04EC0-301F-11D3-BF4B-00C04F79EFBC}") = "FactoryMethod", "FactoryMethod\FactoryMethod.csproj", "{1F427AB5-4AE3-417F-937D-C82F0569F6AE}"
EndProject
Global
	GlobalSection(SolutionConfigurationPlatforms) = preSolution
		Debug|Any CPU = Debug|Any CPU
		Release|Any CPU = Release|Any CPU
	EndGlobalSection
	GlobalSection(ProjectConfigurationPlatforms) = postSolution
		{AEC63D5F-C91B-473D-A07B-ED051478B2D0}.Debug|Any CPU.ActiveCfg = Debug|Any CPU
		{AEC63D5F-C91B-473D-A07B-ED051478B2D0}.Debug|Any CPU.Build.0 = Debug|Any CPU
		{AEC63D5F-C91B-473D-A07B-ED051478B2D0}.Release|Any CPU.ActiveCfg = Release|Any CPU
		{AEC63D5F-C91B-473D-A07B-ED051478B2D0}.Release|Any CPU.Build.0 = Release|Any CPU
		{5EE1DD28-1446-439B-B768-6D547A725130}.Debug|Any CPU.ActiveCfg = Debug|Any CPU
		{5EE1DD28-1446-439B-B768-6D547A725130}.Debug|Any CPU.Build.0 = Debug|Any CPU
		{5EE1DD28-1446-439B-B768-6D547A725130}.Release|Any CPU.ActiveCfg = Release|Any CPU
		{5EE1DD28-1446-439B-B768-6D547A725130}.Release|Any CPU.Build.0 = Release|Any CPU
		{A181A79B-7844-4077-A0D2-95FF12D1ADFD}.Debug|Any CPU.ActiveCfg = Debug|Any CPU
		{A181A79B-7844-4077-A0D2-95FF12D1ADFD}.Debug|Any CPU.Build.0 = Debug|Any CPU
		{A181A79B-7844-4077-A0D2-95FF12D1ADFD}.Release|Any CPU.ActiveCfg = Release|Any CPU
		{A181A79B-7844-4077-A0D2-95FF12D1ADFD}.Release|Any CPU.Build.0 = Release|Any CPU
		{E38F0CE3-2F9D-4E88-A642-B01102C8EAB3}.Debug|Any CPU.ActiveCfg = Debug|Any CPU
		{E38F0CE3-2F9D-4E88-A642-B01102C8EAB3}.Debug|Any CPU.Build.0 = Debug|Any CPU
		{E38F0CE3-2F9D-4E88-A642-B01102C8EAB3}.Release|Any CPU.ActiveCfg = Release|Any CPU
		{E38F0CE3-2F9D-4E88-A642-B01102C8EAB3}.Release|Any CPU.Build.0 = Release|Any CPU
		{1F427AB5-4AE3-417F-937D-C82F0569F6AE}.Debug|Any CPU.ActiveCfg = Debug|Any CPU
		{1F427AB5-4AE3-417F-937D-C82F0569F6AE}.Debug|Any CPU.Build.0 = Debug|Any CPU
		{1F427AB5-4AE3-417F-937D-C82F0569F6AE}.Release|Any CPU.ActiveCfg = Release|Any CPU
		{1F427AB5-4AE3-417F-937D-C82F0569F6AE}.Release|Any CPU.Build.0 = Release|Any CPU
	EndGlobalSection
	GlobalSection(SolutionProperties) = preSolution
		HideSolutionNode = FALSE
	EndGlobalSection
	GlobalSection(ExtensibilityGlobals) = postSolution
		SolutionGuid = {1D46AB02-79D8-4C2F-88C3-9191C2C0F036}
	EndGlobalSection
EndGlobal
