
Microsoft Visual Studio Solution File, Format Version 12.00
# Visual Studio Version 16
VisualStudioVersion = 16.0.30717.126
MinimumVisualStudioVersion = 10.0.40219.1
Project("{FAE04EC0-301F-11D3-BF4B-00C04F79EFBC}") = "WindowStackPanel", "WindowStackPanel\WindowStackPanel.csproj", "{51C4D954-C59C-4455-BF18-9715BBBDB3E1}"
EndProject
Global
	GlobalSection(SolutionConfigurationPlatforms) = preSolution
		Debug|Any CPU = Debug|Any CPU
		Release|Any CPU = Release|Any CPU
	EndGlobalSection
	GlobalSection(ProjectConfigurationPlatforms) = postSolution
		{51C4D954-C59C-4455-BF18-9715BBBDB3E1}.Debug|Any CPU.ActiveCfg = Debug|Any CPU
		{51C4D954-C59C-4455-BF18-9715BBBDB3E1}.Debug|Any CPU.Build.0 = Debug|Any CPU
		{51C4D954-C59C-4455-BF18-9715BBBDB3E1}.Release|Any CPU.ActiveCfg = Release|Any CPU
		{51C4D954-C59C-4455-BF18-9715BBBDB3E1}.Release|Any CPU.Build.0 = Release|Any CPU
	EndGlobalSection
	GlobalSection(SolutionProperties) = preSolution
		HideSolutionNode = FALSE
	EndGlobalSection
	GlobalSection(ExtensibilityGlobals) = postSolution
		SolutionGuid = {C1CA1D60-303F-4966-917B-C60333553E2A}
	EndGlobalSection
EndGlobal
