
Microsoft Visual Studio Solution File, Format Version 12.00
# Visual Studio 15
VisualStudioVersion = 15.0.28307.1209
MinimumVisualStudioVersion = 10.0.40219.1
Project("{FAE04EC0-301F-11D3-BF4B-00C04F79EFBC}") = "hw6", "hw6\hw6.csproj", "{0756B516-9E23-4B85-B0A2-7A6D5FC8D4FE}"
EndProject
Global
	GlobalSection(SolutionConfigurationPlatforms) = preSolution
		Debug|Any CPU = Debug|Any CPU
		Release|Any CPU = Release|Any CPU
	EndGlobalSection
	GlobalSection(ProjectConfigurationPlatforms) = postSolution
		{0756B516-9E23-4B85-B0A2-7A6D5FC8D4FE}.Debug|Any CPU.ActiveCfg = Debug|Any CPU
		{0756B516-9E23-4B85-B0A2-7A6D5FC8D4FE}.Debug|Any CPU.Build.0 = Debug|Any CPU
		{0756B516-9E23-4B85-B0A2-7A6D5FC8D4FE}.Release|Any CPU.ActiveCfg = Release|Any CPU
		{0756B516-9E23-4B85-B0A2-7A6D5FC8D4FE}.Release|Any CPU.Build.0 = Release|Any CPU
	EndGlobalSection
	GlobalSection(SolutionProperties) = preSolution
		HideSolutionNode = FALSE
	EndGlobalSection
	GlobalSection(ExtensibilityGlobals) = postSolution
		SolutionGuid = {EE952B99-880C-490B-A8E0-B985B2FF55FB}
	EndGlobalSection
EndGlobal
