
Microsoft Visual Studio Solution File, Format Version 12.00
# Visual Studio Version 16
VisualStudioVersion = 16.0.30709.132
MinimumVisualStudioVersion = 10.0.40219.1
Project("{FAE04EC0-301F-11D3-BF4B-00C04F79EFBC}") = "UsersAndCommands", "UsersAndCommands\UsersAndCommands.csproj", "{7BC61831-1F30-43A7-86E0-30F51A48468D}"
EndProject
Project("{FAE04EC0-301F-11D3-BF4B-00C04F79EFBC}") = "UsersAndCommands1", "UsersAndCommands1\UsersAndCommands1.csproj", "{15AD1675-0021-4646-8DA4-1BD76E9BE040}"
EndProject
Global
	GlobalSection(SolutionConfigurationPlatforms) = preSolution
		Debug|Any CPU = Debug|Any CPU
		Release|Any CPU = Release|Any CPU
	EndGlobalSection
	GlobalSection(ProjectConfigurationPlatforms) = postSolution
		{7BC61831-1F30-43A7-86E0-30F51A48468D}.Debug|Any CPU.ActiveCfg = Debug|Any CPU
		{7BC61831-1F30-43A7-86E0-30F51A48468D}.Debug|Any CPU.Build.0 = Debug|Any CPU
		{7BC61831-1F30-43A7-86E0-30F51A48468D}.Release|Any CPU.ActiveCfg = Release|Any CPU
		{7BC61831-1F30-43A7-86E0-30F51A48468D}.Release|Any CPU.Build.0 = Release|Any CPU
		{15AD1675-0021-4646-8DA4-1BD76E9BE040}.Debug|Any CPU.ActiveCfg = Debug|Any CPU
		{15AD1675-0021-4646-8DA4-1BD76E9BE040}.Debug|Any CPU.Build.0 = Debug|Any CPU
		{15AD1675-0021-4646-8DA4-1BD76E9BE040}.Release|Any CPU.ActiveCfg = Release|Any CPU
		{15AD1675-0021-4646-8DA4-1BD76E9BE040}.Release|Any CPU.Build.0 = Release|Any CPU
	EndGlobalSection
	GlobalSection(SolutionProperties) = preSolution
		HideSolutionNode = FALSE
	EndGlobalSection
	GlobalSection(ExtensibilityGlobals) = postSolution
		SolutionGuid = {5675C789-74F6-49BC-AE58-7987A7660941}
	EndGlobalSection
EndGlobal
