
Microsoft Visual Studio Solution File, Format Version 12.00
# Visual Studio 15
VisualStudioVersion = 15.0.28307.1209
MinimumVisualStudioVersion = 10.0.40219.1
Project("{FAE04EC0-301F-11D3-BF4B-00C04F79EFBC}") = "FileManager", "FileManager\FileManager.csproj", "{3F173310-7962-495B-8E6D-DB049705948B}"
EndProject
Global
	GlobalSection(SolutionConfigurationPlatforms) = preSolution
		Debug|Any CPU = Debug|Any CPU
		Release|Any CPU = Release|Any CPU
	EndGlobalSection
	GlobalSection(ProjectConfigurationPlatforms) = postSolution
		{3F173310-7962-495B-8E6D-DB049705948B}.Debug|Any CPU.ActiveCfg = Debug|Any CPU
		{3F173310-7962-495B-8E6D-DB049705948B}.Debug|Any CPU.Build.0 = Debug|Any CPU
		{3F173310-7962-495B-8E6D-DB049705948B}.Release|Any CPU.ActiveCfg = Release|Any CPU
		{3F173310-7962-495B-8E6D-DB049705948B}.Release|Any CPU.Build.0 = Release|Any CPU
	EndGlobalSection
	GlobalSection(SolutionProperties) = preSolution
		HideSolutionNode = FALSE
	EndGlobalSection
	GlobalSection(ExtensibilityGlobals) = postSolution
		SolutionGuid = {36E0EF7E-D7E9-45B2-973A-F5D2153A48DB}
	EndGlobalSection
EndGlobal
