
Microsoft Visual Studio Solution File, Format Version 12.00
# Visual Studio 15
VisualStudioVersion = 15.0.28307.1209
MinimumVisualStudioVersion = 10.0.40219.1
Project("{FAE04EC0-301F-11D3-BF4B-00C04F79EFBC}") = "Enumeration", "Enumeration\Enumeration.csproj", "{A832504C-A541-4D54-85E1-DBE662A22A69}"
EndProject
Project("{FAE04EC0-301F-11D3-BF4B-00C04F79EFBC}") = "PropertiesArr", "PropertiesArr\PropertiesArr.csproj", "{5C355D1F-02FB-4031-9D67-366657CF133C}"
EndProject
Global
	GlobalSection(SolutionConfigurationPlatforms) = preSolution
		Debug|Any CPU = Debug|Any CPU
		Release|Any CPU = Release|Any CPU
	EndGlobalSection
	GlobalSection(ProjectConfigurationPlatforms) = postSolution
		{A832504C-A541-4D54-85E1-DBE662A22A69}.Debug|Any CPU.ActiveCfg = Debug|Any CPU
		{A832504C-A541-4D54-85E1-DBE662A22A69}.Debug|Any CPU.Build.0 = Debug|Any CPU
		{A832504C-A541-4D54-85E1-DBE662A22A69}.Release|Any CPU.ActiveCfg = Release|Any CPU
		{A832504C-A541-4D54-85E1-DBE662A22A69}.Release|Any CPU.Build.0 = Release|Any CPU
		{5C355D1F-02FB-4031-9D67-366657CF133C}.Debug|Any CPU.ActiveCfg = Debug|Any CPU
		{5C355D1F-02FB-4031-9D67-366657CF133C}.Debug|Any CPU.Build.0 = Debug|Any CPU
		{5C355D1F-02FB-4031-9D67-366657CF133C}.Release|Any CPU.ActiveCfg = Release|Any CPU
		{5C355D1F-02FB-4031-9D67-366657CF133C}.Release|Any CPU.Build.0 = Release|Any CPU
	EndGlobalSection
	GlobalSection(SolutionProperties) = preSolution
		HideSolutionNode = FALSE
	EndGlobalSection
	GlobalSection(ExtensibilityGlobals) = postSolution
		SolutionGuid = {DB4DF937-5E86-47E6-BCE5-5FBC8A487AF1}
	EndGlobalSection
EndGlobal
