
Microsoft Visual Studio Solution File, Format Version 12.00
# Visual Studio Version 16
VisualStudioVersion = 16.0.30717.126
MinimumVisualStudioVersion = 10.0.40219.1
Project("{FAE04EC0-301F-11D3-BF4B-00C04F79EFBC}") = "Stream_File", "Stream_File\Stream_File.csproj", "{FA484AA1-EE9B-4D13-BAAC-99693A295374}"
EndProject
Project("{FAE04EC0-301F-11D3-BF4B-00C04F79EFBC}") = "TestStream", "TestStream\TestStream.csproj", "{26B0FB43-0F70-406C-9A81-7E7BF77BE0F6}"
EndProject
Project("{FAE04EC0-301F-11D3-BF4B-00C04F79EFBC}") = "StreamWF1", "StreamWF1\StreamWF1.csproj", "{CD11D2E0-E435-4291-9FB0-CF75FA363309}"
EndProject
Global
	GlobalSection(SolutionConfigurationPlatforms) = preSolution
		Debug|Any CPU = Debug|Any CPU
		Release|Any CPU = Release|Any CPU
	EndGlobalSection
	GlobalSection(ProjectConfigurationPlatforms) = postSolution
		{FA484AA1-EE9B-4D13-BAAC-99693A295374}.Debug|Any CPU.ActiveCfg = Debug|Any CPU
		{FA484AA1-EE9B-4D13-BAAC-99693A295374}.Debug|Any CPU.Build.0 = Debug|Any CPU
		{FA484AA1-EE9B-4D13-BAAC-99693A295374}.Release|Any CPU.ActiveCfg = Release|Any CPU
		{FA484AA1-EE9B-4D13-BAAC-99693A295374}.Release|Any CPU.Build.0 = Release|Any CPU
		{26B0FB43-0F70-406C-9A81-7E7BF77BE0F6}.Debug|Any CPU.ActiveCfg = Debug|Any CPU
		{26B0FB43-0F70-406C-9A81-7E7BF77BE0F6}.Debug|Any CPU.Build.0 = Debug|Any CPU
		{26B0FB43-0F70-406C-9A81-7E7BF77BE0F6}.Release|Any CPU.ActiveCfg = Release|Any CPU
		{26B0FB43-0F70-406C-9A81-7E7BF77BE0F6}.Release|Any CPU.Build.0 = Release|Any CPU
		{CD11D2E0-E435-4291-9FB0-CF75FA363309}.Debug|Any CPU.ActiveCfg = Debug|Any CPU
		{CD11D2E0-E435-4291-9FB0-CF75FA363309}.Debug|Any CPU.Build.0 = Debug|Any CPU
		{CD11D2E0-E435-4291-9FB0-CF75FA363309}.Release|Any CPU.ActiveCfg = Release|Any CPU
		{CD11D2E0-E435-4291-9FB0-CF75FA363309}.Release|Any CPU.Build.0 = Release|Any CPU
	EndGlobalSection
	GlobalSection(SolutionProperties) = preSolution
		HideSolutionNode = FALSE
	EndGlobalSection
	GlobalSection(ExtensibilityGlobals) = postSolution
		SolutionGuid = {43A58FD4-BCF8-4556-93EA-3E504E41D95A}
	EndGlobalSection
EndGlobal
