
Microsoft Visual Studio Solution File, Format Version 12.00
# Visual Studio Version 16
VisualStudioVersion = 16.0.30717.126
MinimumVisualStudioVersion = 10.0.40219.1
Project("{9A19103F-16F7-4668-BE54-9A1E7A4F7556}") = "Delegate", "Delegate\Delegate.csproj", "{574FCE65-E8C2-45D0-8F32-BDCD571B5210}"
EndProject
Project("{9A19103F-16F7-4668-BE54-9A1E7A4F7556}") = "Event", "Event\Event.csproj", "{1F295E85-34B5-45F8-92BB-0B8CBC6AF102}"
EndProject
Project("{FAE04EC0-301F-11D3-BF4B-00C04F79EFBC}") = "MyWorkTeamHW", "MyWorkTeamHW\MyWorkTeamHW.csproj", "{58FF1F87-BBCB-4528-8290-2D7EB1706BB2}"
EndProject
Global
	GlobalSection(SolutionConfigurationPlatforms) = preSolution
		Debug|Any CPU = Debug|Any CPU
		Release|Any CPU = Release|Any CPU
	EndGlobalSection
	GlobalSection(ProjectConfigurationPlatforms) = postSolution
		{574FCE65-E8C2-45D0-8F32-BDCD571B5210}.Debug|Any CPU.ActiveCfg = Debug|Any CPU
		{574FCE65-E8C2-45D0-8F32-BDCD571B5210}.Debug|Any CPU.Build.0 = Debug|Any CPU
		{574FCE65-E8C2-45D0-8F32-BDCD571B5210}.Release|Any CPU.ActiveCfg = Release|Any CPU
		{574FCE65-E8C2-45D0-8F32-BDCD571B5210}.Release|Any CPU.Build.0 = Release|Any CPU
		{1F295E85-34B5-45F8-92BB-0B8CBC6AF102}.Debug|Any CPU.ActiveCfg = Debug|Any CPU
		{1F295E85-34B5-45F8-92BB-0B8CBC6AF102}.Debug|Any CPU.Build.0 = Debug|Any CPU
		{1F295E85-34B5-45F8-92BB-0B8CBC6AF102}.Release|Any CPU.ActiveCfg = Release|Any CPU
		{1F295E85-34B5-45F8-92BB-0B8CBC6AF102}.Release|Any CPU.Build.0 = Release|Any CPU
		{58FF1F87-BBCB-4528-8290-2D7EB1706BB2}.Debug|Any CPU.ActiveCfg = Debug|Any CPU
		{58FF1F87-BBCB-4528-8290-2D7EB1706BB2}.Debug|Any CPU.Build.0 = Debug|Any CPU
		{58FF1F87-BBCB-4528-8290-2D7EB1706BB2}.Release|Any CPU.ActiveCfg = Release|Any CPU
		{58FF1F87-BBCB-4528-8290-2D7EB1706BB2}.Release|Any CPU.Build.0 = Release|Any CPU
	EndGlobalSection
	GlobalSection(SolutionProperties) = preSolution
		HideSolutionNode = FALSE
	EndGlobalSection
	GlobalSection(ExtensibilityGlobals) = postSolution
		SolutionGuid = {2F462DB8-94AA-40BF-A2A5-6F90DE79936C}
	EndGlobalSection
EndGlobal
