
Microsoft Visual Studio Solution File, Format Version 12.00
# Visual Studio 15
VisualStudioVersion = 15.0.28307.1209
MinimumVisualStudioVersion = 10.0.40219.1
Project("{FAE04EC0-301F-11D3-BF4B-00C04F79EFBC}") = "Dictionary", "Dictionary\Dictionary.csproj", "{333DE84F-C0BB-4D9D-B316-EDFCD8E9F004}"
EndProject
Global
	GlobalSection(SolutionConfigurationPlatforms) = preSolution
		Debug|Any CPU = Debug|Any CPU
		Release|Any CPU = Release|Any CPU
	EndGlobalSection
	GlobalSection(ProjectConfigurationPlatforms) = postSolution
		{333DE84F-C0BB-4D9D-B316-EDFCD8E9F004}.Debug|Any CPU.ActiveCfg = Debug|Any CPU
		{333DE84F-C0BB-4D9D-B316-EDFCD8E9F004}.Debug|Any CPU.Build.0 = Debug|Any CPU
		{333DE84F-C0BB-4D9D-B316-EDFCD8E9F004}.Release|Any CPU.ActiveCfg = Release|Any CPU
		{333DE84F-C0BB-4D9D-B316-EDFCD8E9F004}.Release|Any CPU.Build.0 = Release|Any CPU
	EndGlobalSection
	GlobalSection(SolutionProperties) = preSolution
		HideSolutionNode = FALSE
	EndGlobalSection
	GlobalSection(ExtensibilityGlobals) = postSolution
		SolutionGuid = {0C8F803E-6077-46AD-9F52-4A8F60F96769}
	EndGlobalSection
EndGlobal
