
Microsoft Visual Studio Solution File, Format Version 12.00
# Visual Studio Version 16
VisualStudioVersion = 16.0.30717.126
MinimumVisualStudioVersion = 10.0.40219.1
Project("{FAE04EC0-301F-11D3-BF4B-00C04F79EFBC}") = "WindowTabControl", "WindowTabControl\WindowTabControl.csproj", "{426039CB-701A-4318-A626-7F4C72AD961C}"
EndProject
Global
	GlobalSection(SolutionConfigurationPlatforms) = preSolution
		Debug|Any CPU = Debug|Any CPU
		Release|Any CPU = Release|Any CPU
	EndGlobalSection
	GlobalSection(ProjectConfigurationPlatforms) = postSolution
		{426039CB-701A-4318-A626-7F4C72AD961C}.Debug|Any CPU.ActiveCfg = Debug|Any CPU
		{426039CB-701A-4318-A626-7F4C72AD961C}.Debug|Any CPU.Build.0 = Debug|Any CPU
		{426039CB-701A-4318-A626-7F4C72AD961C}.Release|Any CPU.ActiveCfg = Release|Any CPU
		{426039CB-701A-4318-A626-7F4C72AD961C}.Release|Any CPU.Build.0 = Release|Any CPU
	EndGlobalSection
	GlobalSection(SolutionProperties) = preSolution
		HideSolutionNode = FALSE
	EndGlobalSection
	GlobalSection(ExtensibilityGlobals) = postSolution
		SolutionGuid = {CDEE72CE-FCED-4A18-B6B0-890CC8BBF2CF}
	EndGlobalSection
EndGlobal
