
Microsoft Visual Studio Solution File, Format Version 12.00
# Visual Studio Version 16
VisualStudioVersion = 16.0.30717.126
MinimumVisualStudioVersion = 10.0.40219.1
Project("{FAE04EC0-301F-11D3-BF4B-00C04F79EFBC}") = "WindowGridSplitter", "WindowGridSplitter\WindowGridSplitter.csproj", "{4DC756D3-3CA1-4C25-A120-1922E4968838}"
EndProject
Global
	GlobalSection(SolutionConfigurationPlatforms) = preSolution
		Debug|Any CPU = Debug|Any CPU
		Release|Any CPU = Release|Any CPU
	EndGlobalSection
	GlobalSection(ProjectConfigurationPlatforms) = postSolution
		{4DC756D3-3CA1-4C25-A120-1922E4968838}.Debug|Any CPU.ActiveCfg = Debug|Any CPU
		{4DC756D3-3CA1-4C25-A120-1922E4968838}.Debug|Any CPU.Build.0 = Debug|Any CPU
		{4DC756D3-3CA1-4C25-A120-1922E4968838}.Release|Any CPU.ActiveCfg = Release|Any CPU
		{4DC756D3-3CA1-4C25-A120-1922E4968838}.Release|Any CPU.Build.0 = Release|Any CPU
	EndGlobalSection
	GlobalSection(SolutionProperties) = preSolution
		HideSolutionNode = FALSE
	EndGlobalSection
	GlobalSection(ExtensibilityGlobals) = postSolution
		SolutionGuid = {900EC17A-7F22-4C13-B501-E115FFB3BD9B}
	EndGlobalSection
EndGlobal
