
Microsoft Visual Studio Solution File, Format Version 12.00
# Visual Studio Version 16
VisualStudioVersion = 16.0.30717.126
MinimumVisualStudioVersion = 10.0.40219.1
Project("{FAE04EC0-301F-11D3-BF4B-00C04F79EFBC}") = "WindowCanvas", "WindowCanvas\WindowCanvas.csproj", "{45947A3C-FB58-4014-91AA-A93F21053BD5}"
EndProject
Global
	GlobalSection(SolutionConfigurationPlatforms) = preSolution
		Debug|Any CPU = Debug|Any CPU
		Release|Any CPU = Release|Any CPU
	EndGlobalSection
	GlobalSection(ProjectConfigurationPlatforms) = postSolution
		{45947A3C-FB58-4014-91AA-A93F21053BD5}.Debug|Any CPU.ActiveCfg = Debug|Any CPU
		{45947A3C-FB58-4014-91AA-A93F21053BD5}.Debug|Any CPU.Build.0 = Debug|Any CPU
		{45947A3C-FB58-4014-91AA-A93F21053BD5}.Release|Any CPU.ActiveCfg = Release|Any CPU
		{45947A3C-FB58-4014-91AA-A93F21053BD5}.Release|Any CPU.Build.0 = Release|Any CPU
	EndGlobalSection
	GlobalSection(SolutionProperties) = preSolution
		HideSolutionNode = FALSE
	EndGlobalSection
	GlobalSection(ExtensibilityGlobals) = postSolution
		SolutionGuid = {34E5C450-8AF0-4A46-84E6-C7E5413FE727}
	EndGlobalSection
EndGlobal
